
Microsoft Visual Studio Solution File, Format Version 11.00
# Visual Studio 2010
Project("{FAE04EC0-301F-11D3-BF4B-00C04F79EFBC}") = "XML2List", "XML2List\XML2List.csproj", "{DA0F1071-0C0A-49D7-8FD5-A76A9C980C93}"
EndProject
Project("{FAE04EC0-301F-11D3-BF4B-00C04F79EFBC}") = "TestingConsole", "TestingConsole\TestingConsole.csproj", "{99965EF9-E3ED-4136-B418-5CE8EC67802A}"
EndProject
Project("{FAE04EC0-301F-11D3-BF4B-00C04F79EFBC}") = "Extensions", "Extensions\Extensions.csproj", "{1BB5F157-5EB8-46B2-AB69-CEAD034E1E9E}"
EndProject
Project("{FAE04EC0-301F-11D3-BF4B-00C04F79EFBC}") = "ExtensionsTest", "DotXMLToolsTest\ExtensionsTest.csproj", "{02B73DCA-C601-4221-8A1D-9ED3D9B74779}"
EndProject
Project("{2150E333-8FDC-42A3-9474-1A3956D46DE8}") = "Solution Items", "Solution Items", "{D8E50C60-987D-44BE-8D04-3B85147EE0E6}"
	ProjectSection(SolutionItems) = preProject
		dotXMLTools.vsmdi = dotXMLTools.vsmdi
		Local.testsettings = Local.testsettings
		TraceAndTestImpact.testsettings = TraceAndTestImpact.testsettings
	EndProjectSection
EndProject
Project("{FAE04EC0-301F-11D3-BF4B-00C04F79EFBC}") = "dotXMLTools - WPF UI", "dotXMLTools - WPF UI\dotXMLTools - WPF UI.csproj", "{A2244E9A-8837-4D39-9536-C6EDA702B821}"
EndProject
Project("{FAE04EC0-301F-11D3-BF4B-00C04F79EFBC}") = "dotXMLTools - WFA", "dotXMLTools - WFA\dotXMLTools - WFA.csproj", "{ABB0D2CD-ADB0-4136-BB92-6B37673C6B1F}"
EndProject
Global
	GlobalSection(TestCaseManagementSettings) = postSolution
		CategoryFile = dotXMLTools.vsmdi
	EndGlobalSection
	GlobalSection(SolutionConfigurationPlatforms) = preSolution
		Debug|Any CPU = Debug|Any CPU
		Debug|Mixed Platforms = Debug|Mixed Platforms
		Debug|x86 = Debug|x86
		Release|Any CPU = Release|Any CPU
		Release|Mixed Platforms = Release|Mixed Platforms
		Release|x86 = Release|x86
	EndGlobalSection
	GlobalSection(ProjectConfigurationPlatforms) = postSolution
		{DA0F1071-0C0A-49D7-8FD5-A76A9C980C93}.Debug|Any CPU.ActiveCfg = Debug|Any CPU
		{DA0F1071-0C0A-49D7-8FD5-A76A9C980C93}.Debug|Any CPU.Build.0 = Debug|Any CPU
		{DA0F1071-0C0A-49D7-8FD5-A76A9C980C93}.Debug|Mixed Platforms.ActiveCfg = Debug|Any CPU
		{DA0F1071-0C0A-49D7-8FD5-A76A9C980C93}.Debug|Mixed Platforms.Build.0 = Debug|Any CPU
		{DA0F1071-0C0A-49D7-8FD5-A76A9C980C93}.Debug|x86.ActiveCfg = Debug|Any CPU
		{DA0F1071-0C0A-49D7-8FD5-A76A9C980C93}.Release|Any CPU.ActiveCfg = Release|Any CPU
		{DA0F1071-0C0A-49D7-8FD5-A76A9C980C93}.Release|Any CPU.Build.0 = Release|Any CPU
		{DA0F1071-0C0A-49D7-8FD5-A76A9C980C93}.Release|Mixed Platforms.ActiveCfg = Release|Any CPU
		{DA0F1071-0C0A-49D7-8FD5-A76A9C980C93}.Release|Mixed Platforms.Build.0 = Release|Any CPU
		{DA0F1071-0C0A-49D7-8FD5-A76A9C980C93}.Release|x86.ActiveCfg = Release|Any CPU
		{99965EF9-E3ED-4136-B418-5CE8EC67802A}.Debug|Any CPU.ActiveCfg = Debug|x86
		{99965EF9-E3ED-4136-B418-5CE8EC67802A}.Debug|Mixed Platforms.ActiveCfg = Debug|x86
		{99965EF9-E3ED-4136-B418-5CE8EC67802A}.Debug|Mixed Platforms.Build.0 = Debug|x86
		{99965EF9-E3ED-4136-B418-5CE8EC67802A}.Debug|x86.ActiveCfg = Debug|x86
		{99965EF9-E3ED-4136-B418-5CE8EC67802A}.Debug|x86.Build.0 = Debug|x86
		{99965EF9-E3ED-4136-B418-5CE8EC67802A}.Release|Any CPU.ActiveCfg = Release|x86
		{99965EF9-E3ED-4136-B418-5CE8EC67802A}.Release|Mixed Platforms.ActiveCfg = Release|x86
		{99965EF9-E3ED-4136-B418-5CE8EC67802A}.Release|Mixed Platforms.Build.0 = Release|x86
		{99965EF9-E3ED-4136-B418-5CE8EC67802A}.Release|x86.ActiveCfg = Release|x86
		{99965EF9-E3ED-4136-B418-5CE8EC67802A}.Release|x86.Build.0 = Release|x86
		{1BB5F157-5EB8-46B2-AB69-CEAD034E1E9E}.Debug|Any CPU.ActiveCfg = Debug|Any CPU
		{1BB5F157-5EB8-46B2-AB69-CEAD034E1E9E}.Debug|Any CPU.Build.0 = Debug|Any CPU
		{1BB5F157-5EB8-46B2-AB69-CEAD034E1E9E}.Debug|Mixed Platforms.ActiveCfg = Debug|Any CPU
		{1BB5F157-5EB8-46B2-AB69-CEAD034E1E9E}.Debug|Mixed Platforms.Build.0 = Debug|Any CPU
		{1BB5F157-5EB8-46B2-AB69-CEAD034E1E9E}.Debug|x86.ActiveCfg = Debug|Any CPU
		{1BB5F157-5EB8-46B2-AB69-CEAD034E1E9E}.Release|Any CPU.ActiveCfg = Release|Any CPU
		{1BB5F157-5EB8-46B2-AB69-CEAD034E1E9E}.Release|Any CPU.Build.0 = Release|Any CPU
		{1BB5F157-5EB8-46B2-AB69-CEAD034E1E9E}.Release|Mixed Platforms.ActiveCfg = Release|Any CPU
		{1BB5F157-5EB8-46B2-AB69-CEAD034E1E9E}.Release|Mixed Platforms.Build.0 = Release|Any CPU
		{1BB5F157-5EB8-46B2-AB69-CEAD034E1E9E}.Release|x86.ActiveCfg = Release|Any CPU
		{02B73DCA-C601-4221-8A1D-9ED3D9B74779}.Debug|Any CPU.ActiveCfg = Debug|Any CPU
		{02B73DCA-C601-4221-8A1D-9ED3D9B74779}.Debug|Any CPU.Build.0 = Debug|Any CPU
		{02B73DCA-C601-4221-8A1D-9ED3D9B74779}.Debug|Mixed Platforms.ActiveCfg = Debug|Any CPU
		{02B73DCA-C601-4221-8A1D-9ED3D9B74779}.Debug|Mixed Platforms.Build.0 = Debug|Any CPU
		{02B73DCA-C601-4221-8A1D-9ED3D9B74779}.Debug|x86.ActiveCfg = Debug|Any CPU
		{02B73DCA-C601-4221-8A1D-9ED3D9B74779}.Release|Any CPU.ActiveCfg = Release|Any CPU
		{02B73DCA-C601-4221-8A1D-9ED3D9B74779}.Release|Any CPU.Build.0 = Release|Any CPU
		{02B73DCA-C601-4221-8A1D-9ED3D9B74779}.Release|Mixed Platforms.ActiveCfg = Release|Any CPU
		{02B73DCA-C601-4221-8A1D-9ED3D9B74779}.Release|Mixed Platforms.Build.0 = Release|Any CPU
		{02B73DCA-C601-4221-8A1D-9ED3D9B74779}.Release|x86.ActiveCfg = Release|Any CPU
		{A2244E9A-8837-4D39-9536-C6EDA702B821}.Debug|Any CPU.ActiveCfg = Debug|x86
		{A2244E9A-8837-4D39-9536-C6EDA702B821}.Debug|Mixed Platforms.ActiveCfg = Debug|x86
		{A2244E9A-8837-4D39-9536-C6EDA702B821}.Debug|Mixed Platforms.Build.0 = Debug|x86
		{A2244E9A-8837-4D39-9536-C6EDA702B821}.Debug|x86.ActiveCfg = Debug|x86
		{A2244E9A-8837-4D39-9536-C6EDA702B821}.Debug|x86.Build.0 = Debug|x86
		{A2244E9A-8837-4D39-9536-C6EDA702B821}.Release|Any CPU.ActiveCfg = Release|x86
		{A2244E9A-8837-4D39-9536-C6EDA702B821}.Release|Mixed Platforms.ActiveCfg = Release|x86
		{A2244E9A-8837-4D39-9536-C6EDA702B821}.Release|Mixed Platforms.Build.0 = Release|x86
		{A2244E9A-8837-4D39-9536-C6EDA702B821}.Release|x86.ActiveCfg = Release|x86
		{A2244E9A-8837-4D39-9536-C6EDA702B821}.Release|x86.Build.0 = Release|x86
		{ABB0D2CD-ADB0-4136-BB92-6B37673C6B1F}.Debug|Any CPU.ActiveCfg = Debug|x86
		{ABB0D2CD-ADB0-4136-BB92-6B37673C6B1F}.Debug|Mixed Platforms.ActiveCfg = Debug|x86
		{ABB0D2CD-ADB0-4136-BB92-6B37673C6B1F}.Debug|Mixed Platforms.Build.0 = Debug|x86
		{ABB0D2CD-ADB0-4136-BB92-6B37673C6B1F}.Debug|x86.ActiveCfg = Debug|x86
		{ABB0D2CD-ADB0-4136-BB92-6B37673C6B1F}.Debug|x86.Build.0 = Debug|x86
		{ABB0D2CD-ADB0-4136-BB92-6B37673C6B1F}.Release|Any CPU.ActiveCfg = Release|x86
		{ABB0D2CD-ADB0-4136-BB92-6B37673C6B1F}.Release|Mixed Platforms.ActiveCfg = Release|x86
		{ABB0D2CD-ADB0-4136-BB92-6B37673C6B1F}.Release|Mixed Platforms.Build.0 = Release|x86
		{ABB0D2CD-ADB0-4136-BB92-6B37673C6B1F}.Release|x86.ActiveCfg = Release|x86
		{ABB0D2CD-ADB0-4136-BB92-6B37673C6B1F}.Release|x86.Build.0 = Release|x86
	EndGlobalSection
	GlobalSection(SolutionProperties) = preSolution
		HideSolutionNode = FALSE
	EndGlobalSection
EndGlobal
